
Microsoft Visual Studio Solution File, Format Version 12.00
# Visual Studio Version 17
VisualStudioVersion = 17.9.34728.123
MinimumVisualStudioVersion = 10.0.40219.1
Project("{9A19103F-16F7-4668-BE54-9A1E7A4F7556}") = "DAT.API", "Dat.API\DAT.API.csproj", "{350720B5-BB84-46A0-8845-8606858315B5}"
EndProject
Project("{00D1A9C2-B5F0-4AF3-8072-F6C62B433612}") = "DAT.Database", "DAT.Database\DAT.Database.sqlproj", "{31DDCDC9-0CFE-4D58-AFCC-BA5A00F1E864}"
EndProject
Project("{9A19103F-16F7-4668-BE54-9A1E7A4F7556}") = "DAT.API.Core", "DAT.API.Core\DAT.API.Core.csproj", "{EC01108C-7557-4ADE-922C-097D21268406}"
EndProject
Project("{FAE04EC0-301F-11D3-BF4B-00C04F79EFBC}") = "DAT.API.DAL", "DAT.API.DAL\DAT.API.DAL.csproj", "{953989EE-81B6-4BFC-AD1B-9A4F1C5CE800}"
EndProject
Global
	GlobalSection(SolutionConfigurationPlatforms) = preSolution
		Debug|Any CPU = Debug|Any CPU
		Release|Any CPU = Release|Any CPU
	EndGlobalSection
	GlobalSection(ProjectConfigurationPlatforms) = postSolution
		{350720B5-BB84-46A0-8845-8606858315B5}.Debug|Any CPU.ActiveCfg = Debug|Any CPU
		{350720B5-BB84-46A0-8845-8606858315B5}.Debug|Any CPU.Build.0 = Debug|Any CPU
		{350720B5-BB84-46A0-8845-8606858315B5}.Release|Any CPU.ActiveCfg = Release|Any CPU
		{350720B5-BB84-46A0-8845-8606858315B5}.Release|Any CPU.Build.0 = Release|Any CPU
		{31DDCDC9-0CFE-4D58-AFCC-BA5A00F1E864}.Debug|Any CPU.ActiveCfg = Debug|Any CPU
		{31DDCDC9-0CFE-4D58-AFCC-BA5A00F1E864}.Debug|Any CPU.Build.0 = Debug|Any CPU
		{31DDCDC9-0CFE-4D58-AFCC-BA5A00F1E864}.Debug|Any CPU.Deploy.0 = Debug|Any CPU
		{31DDCDC9-0CFE-4D58-AFCC-BA5A00F1E864}.Release|Any CPU.ActiveCfg = Release|Any CPU
		{31DDCDC9-0CFE-4D58-AFCC-BA5A00F1E864}.Release|Any CPU.Build.0 = Release|Any CPU
		{31DDCDC9-0CFE-4D58-AFCC-BA5A00F1E864}.Release|Any CPU.Deploy.0 = Release|Any CPU
		{EC01108C-7557-4ADE-922C-097D21268406}.Debug|Any CPU.ActiveCfg = Debug|Any CPU
		{EC01108C-7557-4ADE-922C-097D21268406}.Debug|Any CPU.Build.0 = Debug|Any CPU
		{EC01108C-7557-4ADE-922C-097D21268406}.Release|Any CPU.ActiveCfg = Release|Any CPU
		{EC01108C-7557-4ADE-922C-097D21268406}.Release|Any CPU.Build.0 = Release|Any CPU
		{953989EE-81B6-4BFC-AD1B-9A4F1C5CE800}.Debug|Any CPU.ActiveCfg = Debug|Any CPU
		{953989EE-81B6-4BFC-AD1B-9A4F1C5CE800}.Debug|Any CPU.Build.0 = Debug|Any CPU
		{953989EE-81B6-4BFC-AD1B-9A4F1C5CE800}.Release|Any CPU.ActiveCfg = Release|Any CPU
		{953989EE-81B6-4BFC-AD1B-9A4F1C5CE800}.Release|Any CPU.Build.0 = Release|Any CPU
	EndGlobalSection
	GlobalSection(SolutionProperties) = preSolution
		HideSolutionNode = FALSE
	EndGlobalSection
	GlobalSection(ExtensibilityGlobals) = postSolution
		SolutionGuid = {3908B7F9-FC51-4E91-8DC5-8B9FBADB874F}
	EndGlobalSection
EndGlobal
